
Microsoft Visual Studio Solution File, Format Version 12.00
# Visual Studio Version 17
VisualStudioVersion = 17.8.34511.84
MinimumVisualStudioVersion = 10.0.40219.1
Project("{9A19103F-16F7-4668-BE54-9A1E7A4F7556}") = "TTBoard", "TTBoard.csproj", "{C47EA3ED-1FDA-418E-BA54-A6B0B00F9866}"
EndProject
Global
	GlobalSection(SolutionConfigurationPlatforms) = preSolution
		Debug|Any CPU = Debug|Any CPU
		Release|Any CPU = Release|Any CPU
	EndGlobalSection
	GlobalSection(ProjectConfigurationPlatforms) = postSolution
		{C47EA3ED-1FDA-418E-BA54-A6B0B00F9866}.Debug|Any CPU.ActiveCfg = Debug|Any CPU
		{C47EA3ED-1FDA-418E-BA54-A6B0B00F9866}.Debug|Any CPU.Build.0 = Debug|Any CPU
		{C47EA3ED-1FDA-418E-BA54-A6B0B00F9866}.Release|Any CPU.ActiveCfg = Release|Any CPU
		{C47EA3ED-1FDA-418E-BA54-A6B0B00F9866}.Release|Any CPU.Build.0 = Release|Any CPU
	EndGlobalSection
	GlobalSection(SolutionProperties) = preSolution
		HideSolutionNode = FALSE
	EndGlobalSection
	GlobalSection(ExtensibilityGlobals) = postSolution
		SolutionGuid = {6706106C-287C-433D-B315-9E6EF9F9723C}
	EndGlobalSection
EndGlobal
